
Microsoft Visual Studio Solution File, Format Version 12.00
# Visual Studio Version 16
VisualStudioVersion = 16.0.30611.23
MinimumVisualStudioVersion = 10.0.40219.1
Project("{FAE04EC0-301F-11D3-BF4B-00C04F79EFBC}") = "Reminder", "Reminder.csproj", "{FD6E8489-6C77-40DF-9D73-7B72E2A169DA}"
EndProject
Global
	GlobalSection(SolutionConfigurationPlatforms) = preSolution
		Debug|Any CPU = Debug|Any CPU
		Release|Any CPU = Release|Any CPU
	EndGlobalSection
	GlobalSection(ProjectConfigurationPlatforms) = postSolution
		{FD6E8489-6C77-40DF-9D73-7B72E2A169DA}.Debug|Any CPU.ActiveCfg = Debug|Any CPU
		{FD6E8489-6C77-40DF-9D73-7B72E2A169DA}.Debug|Any CPU.Build.0 = Debug|Any CPU
		{FD6E8489-6C77-40DF-9D73-7B72E2A169DA}.Release|Any CPU.ActiveCfg = Release|Any CPU
		{FD6E8489-6C77-40DF-9D73-7B72E2A169DA}.Release|Any CPU.Build.0 = Release|Any CPU
	EndGlobalSection
	GlobalSection(SolutionProperties) = preSolution
		HideSolutionNode = FALSE
	EndGlobalSection
	GlobalSection(ExtensibilityGlobals) = postSolution
		SolutionGuid = {F9DE15CC-05A2-4043-8358-1E8EC8F80872}
	EndGlobalSection
EndGlobal
